
Microsoft Visual Studio Solution File, Format Version 12.00
# Visual Studio Version 16
VisualStudioVersion = 16.0.30413.136
MinimumVisualStudioVersion = 10.0.40219.1
Project("{9A19103F-16F7-4668-BE54-9A1E7A4F7556}") = "ISA 2", "ISA 2.csproj", "{F40FEF8A-A27B-4B67-B96A-F09A10343125}"
EndProject
Project("{FAE04EC0-301F-11D3-BF4B-00C04F79EFBC}") = "IsaTestAgent", "..\IsaTestAgent\IsaTestAgent.csproj", "{7FC72658-3205-464F-9501-D2E8856E1911}"
EndProject
Global
	GlobalSection(SolutionConfigurationPlatforms) = preSolution
		Debug|Any CPU = Debug|Any CPU
		Release|Any CPU = Release|Any CPU
	EndGlobalSection
	GlobalSection(ProjectConfigurationPlatforms) = postSolution
		{F40FEF8A-A27B-4B67-B96A-F09A10343125}.Debug|Any CPU.ActiveCfg = Debug|Any CPU
		{F40FEF8A-A27B-4B67-B96A-F09A10343125}.Debug|Any CPU.Build.0 = Debug|Any CPU
		{F40FEF8A-A27B-4B67-B96A-F09A10343125}.Release|Any CPU.ActiveCfg = Release|Any CPU
		{F40FEF8A-A27B-4B67-B96A-F09A10343125}.Release|Any CPU.Build.0 = Release|Any CPU
		{7FC72658-3205-464F-9501-D2E8856E1911}.Debug|Any CPU.ActiveCfg = Debug|Any CPU
		{7FC72658-3205-464F-9501-D2E8856E1911}.Debug|Any CPU.Build.0 = Debug|Any CPU
		{7FC72658-3205-464F-9501-D2E8856E1911}.Release|Any CPU.ActiveCfg = Release|Any CPU
		{7FC72658-3205-464F-9501-D2E8856E1911}.Release|Any CPU.Build.0 = Release|Any CPU
	EndGlobalSection
	GlobalSection(SolutionProperties) = preSolution
		HideSolutionNode = FALSE
	EndGlobalSection
	GlobalSection(ExtensibilityGlobals) = postSolution
		SolutionGuid = {35CBC3ED-C6C4-43D1-AD8E-C2E2D2DB588F}
	EndGlobalSection
EndGlobal
